
Microsoft Visual Studio Solution File, Format Version 12.00
# Visual Studio Version 16
VisualStudioVersion = 16.0.810.1
MinimumVisualStudioVersion = 10.0.40219.1
Project("{FAE04EC0-301F-11D3-BF4B-00C04F79EFBC}") = "Api.Common", "Api.Common\Api.Common.csproj", "{513010A7-1745-42A4-952C-F5F0F323EFE0}"
EndProject
Project("{FAE04EC0-301F-11D3-BF4B-00C04F79EFBC}") = "Api.Common.Test", "Api.Common.Test\Api.Common.Test.csproj", "{3A661F8D-DFF9-4206-ACBE-5916AE486BD8}"
EndProject
Project("{FAE04EC0-301F-11D3-BF4B-00C04F79EFBC}") = "Api.Products", "Api.Products\Api.Products.csproj", "{026B2BBA-A365-4557-A4B7-4374E77718FB}"
EndProject
Global
	GlobalSection(SolutionConfigurationPlatforms) = preSolution
		Debug|Any CPU = Debug|Any CPU
		Release|Any CPU = Release|Any CPU
	EndGlobalSection
	GlobalSection(ProjectConfigurationPlatforms) = postSolution
		{513010A7-1745-42A4-952C-F5F0F323EFE0}.Debug|Any CPU.ActiveCfg = Debug|Any CPU
		{513010A7-1745-42A4-952C-F5F0F323EFE0}.Debug|Any CPU.Build.0 = Debug|Any CPU
		{513010A7-1745-42A4-952C-F5F0F323EFE0}.Release|Any CPU.ActiveCfg = Release|Any CPU
		{513010A7-1745-42A4-952C-F5F0F323EFE0}.Release|Any CPU.Build.0 = Release|Any CPU
		{3A661F8D-DFF9-4206-ACBE-5916AE486BD8}.Debug|Any CPU.ActiveCfg = Debug|Any CPU
		{3A661F8D-DFF9-4206-ACBE-5916AE486BD8}.Debug|Any CPU.Build.0 = Debug|Any CPU
		{3A661F8D-DFF9-4206-ACBE-5916AE486BD8}.Release|Any CPU.ActiveCfg = Release|Any CPU
		{3A661F8D-DFF9-4206-ACBE-5916AE486BD8}.Release|Any CPU.Build.0 = Release|Any CPU
		{026B2BBA-A365-4557-A4B7-4374E77718FB}.Debug|Any CPU.ActiveCfg = Debug|Any CPU
		{026B2BBA-A365-4557-A4B7-4374E77718FB}.Debug|Any CPU.Build.0 = Debug|Any CPU
		{026B2BBA-A365-4557-A4B7-4374E77718FB}.Release|Any CPU.ActiveCfg = Release|Any CPU
		{026B2BBA-A365-4557-A4B7-4374E77718FB}.Release|Any CPU.Build.0 = Release|Any CPU
	EndGlobalSection
	GlobalSection(SolutionProperties) = preSolution
		HideSolutionNode = FALSE
	EndGlobalSection
	GlobalSection(ExtensibilityGlobals) = postSolution
		SolutionGuid = {D039D998-5D6C-404B-B28C-0B3DEE477709}
	EndGlobalSection
EndGlobal
